
Microsoft Visual Studio Solution File, Format Version 12.00
# Visual Studio 15
VisualStudioVersion = 15.0.27428.2027
MinimumVisualStudioVersion = 10.0.40219.1
Project("{FAE04EC0-301F-11D3-BF4B-00C04F79EFBC}") = "Stanford_BaiTapCauTrucCS", "Stanford_BaiTapCauTrucCS\Stanford_BaiTapCauTrucCS.csproj", "{A3AC7CDB-648C-4ACD-B428-45978A42DD24}"
EndProject
Global
	GlobalSection(SolutionConfigurationPlatforms) = preSolution
		Debug|Any CPU = Debug|Any CPU
		Release|Any CPU = Release|Any CPU
	EndGlobalSection
	GlobalSection(ProjectConfigurationPlatforms) = postSolution
		{A3AC7CDB-648C-4ACD-B428-45978A42DD24}.Debug|Any CPU.ActiveCfg = Debug|Any CPU
		{A3AC7CDB-648C-4ACD-B428-45978A42DD24}.Debug|Any CPU.Build.0 = Debug|Any CPU
		{A3AC7CDB-648C-4ACD-B428-45978A42DD24}.Release|Any CPU.ActiveCfg = Release|Any CPU
		{A3AC7CDB-648C-4ACD-B428-45978A42DD24}.Release|Any CPU.Build.0 = Release|Any CPU
	EndGlobalSection
	GlobalSection(SolutionProperties) = preSolution
		HideSolutionNode = FALSE
	EndGlobalSection
	GlobalSection(ExtensibilityGlobals) = postSolution
		SolutionGuid = {36060FFC-E4C2-4109-A3B6-39724036B2C5}
	EndGlobalSection
EndGlobal
