
Microsoft Visual Studio Solution File, Format Version 12.00
# Visual Studio 15
VisualStudioVersion = 15.0.27428.2027
MinimumVisualStudioVersion = 10.0.40219.1
Project("{FAE04EC0-301F-11D3-BF4B-00C04F79EFBC}") = "Stanford_KeThuaVaDaHinhCS", "Stanford_KeThuaVaDaHinhCS\Stanford_KeThuaVaDaHinhCS.csproj", "{67228C06-BB3F-40EB-93BF-7774A6629BD2}"
EndProject
Global
	GlobalSection(SolutionConfigurationPlatforms) = preSolution
		Debug|Any CPU = Debug|Any CPU
		Release|Any CPU = Release|Any CPU
	EndGlobalSection
	GlobalSection(ProjectConfigurationPlatforms) = postSolution
		{67228C06-BB3F-40EB-93BF-7774A6629BD2}.Debug|Any CPU.ActiveCfg = Debug|Any CPU
		{67228C06-BB3F-40EB-93BF-7774A6629BD2}.Debug|Any CPU.Build.0 = Debug|Any CPU
		{67228C06-BB3F-40EB-93BF-7774A6629BD2}.Release|Any CPU.ActiveCfg = Release|Any CPU
		{67228C06-BB3F-40EB-93BF-7774A6629BD2}.Release|Any CPU.Build.0 = Release|Any CPU
	EndGlobalSection
	GlobalSection(SolutionProperties) = preSolution
		HideSolutionNode = FALSE
	EndGlobalSection
	GlobalSection(ExtensibilityGlobals) = postSolution
		SolutionGuid = {AA5AB50D-E01A-4852-94BB-FA5CA80AC280}
	EndGlobalSection
EndGlobal
